// !$*UTF8*$!
{
	archiveVersion = 1;
	classes = {
	};
	objectVersion = 46;
	objects = {

/* Begin PBXBuildFile section */
		BEAAD26E1AB18D2800E0B5B4 /* main.m in Sources */ = {isa = PBXBuildFile; fileRef = BEAAD26D1AB18D2800E0B5B4 /* main.m */; };
		BEAAD2711AB18D2900E0B5B4 /* AppDelegate.m in Sources */ = {isa = PBXBuildFile; fileRef = BEAAD2701AB18D2900E0B5B4 /* AppDelegate.m */; };
		BEAAD2741AB18D2900E0B5B4 /* ViewController.m in Sources */ = {isa = PBXBuildFile; fileRef = BEAAD2731AB18D2900E0B5B4 /* ViewController.m */; };
		BEAAD2771AB18D2900E0B5B4 /* Main.storyboard in Resources */ = {isa = PBXBuildFile; fileRef = BEAAD2751AB18D2900E0B5B4 /* Main.storyboard */; };
		BEAAD2791AB18D2900E0B5B4 /* Images.xcassets in Resources */ = {isa = PBXBuildFile; fileRef = BEAAD2781AB18D2900E0B5B4 /* Images.xcassets */; };
		BEAAD27C1AB18D2900E0B5B4 /* LaunchScreen.xib in Resources */ = {isa = PBXBuildFile; fileRef = BEAAD27A1AB18D2900E0B5B4 /* LaunchScreen.xib */; };
		BEAAD2881AB18D2900E0B5B4 /* keyboardTestTests.m in Sources */ = {isa = PBXBuildFile; fileRef = BEAAD2871AB18D2900E0B5B4 /* keyboardTestTests.m */; };
/* End PBXBuildFile section */

/* Begin PBXContainerItemProxy section */
		BEAAD2821AB18D2900E0B5B4 /* PBXContainerItemProxy */ = {
			isa = PBXContainerItemProxy;
			containerPortal = BEAAD2601AB18D2800E0B5B4 /* Project object */;
			proxyType = 1;
			remoteGlobalIDString = BEAAD2671AB18D2800E0B5B4;
			remoteInfo = keyboardTest;
		};
/* End PBXContainerItemProxy section */

/* Begin PBXFileReference section */
		BEAAD2681AB18D2800E0B5B4 /* keyboardTest.app */ = {isa = PBXFileReference; explicitFileType = wrapper.application; includeInIndex = 0; path = keyboardTest.app; sourceTree = BUILT_PRODUCTS_DIR; };
		BEAAD26C1AB18D2800E0B5B4 /* Info.plist */ = {isa = PBXFileReference; lastKnownFileType = text.plist.xml; path = Info.plist; sourceTree = "<group>"; };
		BEAAD26D1AB18D2800E0B5B4 /* main.m */ = {isa = PBXFileReference; lastKnownFileType = sourcecode.c.objc; path = main.m; sourceTree = "<group>"; };
		BEAAD26F1AB18D2800E0B5B4 /* AppDelegate.h */ = {isa = PBXFileReference; lastKnownFileType = sourcecode.c.h; path = AppDelegate.h; sourceTree = "<group>"; };
		BEAAD2701AB18D2900E0B5B4 /* AppDelegate.m */ = {isa = PBXFileReference; lastKnownFileType = sourcecode.c.objc; path = AppDelegate.m; sourceTree = "<group>"; };
		BEAAD2721AB18D2900E0B5B4 /* ViewController.h */ = {isa = PBXFileReference; lastKnownFileType = sourcecode.c.h; path = ViewController.h; sourceTree = "<group>"; };
		BEAAD2731AB18D2900E0B5B4 /* ViewController.m */ = {isa = PBXFileReference; lastKnownFileType = sourcecode.c.objc; path = ViewController.m; sourceTree = "<group>"; };
		BEAAD2761AB18D2900E0B5B4 /* Base */ = {isa = PBXFileReference; lastKnownFileType = file.storyboard; name = Base; path = Base.lproj/Main.storyboard; sourceTree = "<group>"; };
		BEAAD2781AB18D2900E0B5B4 /* Images.xcassets */ = {isa = PBXFileReference; lastKnownFileType = folder.assetcatalog; path = Images.xcassets; sourceTree = "<group>"; };
		BEAAD27B1AB18D2900E0B5B4 /* Base */ = {isa = PBXFileReference; lastKnownFileType = file.xib; name = Base; path = Base.lproj/LaunchScreen.xib; sourceTree = "<group>"; };
		BEAAD2811AB18D2900E0B5B4 /* keyboardTestTests.xctest */ = {isa = PBXFileReference; explicitFileType = wrapper.cfbundle; includeInIndex = 0; path = keyboardTestTests.xctest; sourceTree = BUILT_PRODUCTS_DIR; };
		BEAAD2861AB18D2900E0B5B4 /* Info.plist */ = {isa = PBXFileReference; lastKnownFileType = text.plist.xml; path = Info.plist; sourceTree = "<group>"; };
		BEAAD2871AB18D2900E0B5B4 /* keyboardTestTests.m */ = {isa = PBXFileReference; lastKnownFileType = sourcecode.c.objc; path = keyboardTestTests.m; sourceTree = "<group>"; };
/* End PBXFileReference section */

/* Begin PBXFrameworksBuildPhase section */
		BEAAD2651AB18D2800E0B5B4 /* Frameworks */ = {
			isa = PBXFrameworksBuildPhase;
			buildActionMask = 2147483647;
			files = (
			);
			runOnlyForDeploymentPostprocessing = 0;
		};
		BEAAD27E1AB18D2900E0B5B4 /* Frameworks */ = {
			isa = PBXFrameworksBuildPhase;
			buildActionMask = 2147483647;
			files = (
			);
			runOnlyForDeploymentPostprocessing = 0;
		};
/* End PBXFrameworksBuildPhase section */

/* Begin PBXGroup section */
		BEAAD25F1AB18D2800E0B5B4 = {
			isa = PBXGroup;
			children = (
				BEAAD26A1AB18D2800E0B5B4 /* keyboardTest */,
				BEAAD2841AB18D2900E0B5B4 /* keyboardTestTests */,
				BEAAD2691AB18D2800E0B5B4 /* Products */,
			);
			sourceTree = "<group>";
		};
		BEAAD2691AB18D2800E0B5B4 /* Products */ = {
			isa = PBXGroup;
			children = (
				BEAAD2681AB18D2800E0B5B4 /* keyboardTest.app */,
				BEAAD2811AB18D2900E0B5B4 /* keyboardTestTests.xctest */,
			);
			name = Products;
			sourceTree = "<group>";
		};
		BEAAD26A1AB18D2800E0B5B4 /* keyboardTest */ = {
			isa = PBXGroup;
			children = (
				BEAAD26F1AB18D2800E0B5B4 /* AppDelegate.h */,
				BEAAD2701AB18D2900E0B5B4 /* AppDelegate.m */,
				BEAAD2721AB18D2900E0B5B4 /* ViewController.h */,
				BEAAD2731AB18D2900E0B5B4 /* ViewController.m */,
				BEAAD2751AB18D2900E0B5B4 /* Main.storyboard */,
				BEAAD2781AB18D2900E0B5B4 /* Images.xcassets */,
				BEAAD27A1AB18D2900E0B5B4 /* LaunchScreen.xib */,
				BEAAD26B1AB18D2800E0B5B4 /* Supporting Files */,
			);
			path = keyboardTest;
			sourceTree = "<group>";
		};
		BEAAD26B1AB18D2800E0B5B4 /* Supporting Files */ = {
			isa = PBXGroup;
			children = (
				BEAAD26C1AB18D2800E0B5B4 /* Info.plist */,
				BEAAD26D1AB18D2800E0B5B4 /* main.m */,
			);
			name = "Supporting Files";
			sourceTree = "<group>";
		};
		BEAAD2841AB18D2900E0B5B4 /* keyboardTestTests */ = {
			isa = PBXGroup;
			children = (
				BEAAD2871AB18D2900E0B5B4 /* keyboardTestTests.m */,
				BEAAD2851AB18D2900E0B5B4 /* Supporting Files */,
			);
			path = keyboardTestTests;
			sourceTree = "<group>";
		};
		BEAAD2851AB18D2900E0B5B4 /* Supporting Files */ = {
			isa = PBXGroup;
			children = (
				BEAAD2861AB18D2900E0B5B4 /* Info.plist */,
			);
			name = "Supporting Files";
			sourceTree = "<group>";
		};
/* End PBXGroup section */

/* Begin PBXNativeTarget section */
		BEAAD2671AB18D2800E0B5B4 /* keyboardTest */ = {
			isa = PBXNativeTarget;
			buildConfigurationList = BEAAD28B1AB18D2900E0B5B4 /* Build configuration list for PBXNativeTarget "keyboardTest" */;
			buildPhases = (
				BEAAD2641AB18D2800E0B5B4 /* Sources */,
				BEAAD2651AB18D2800E0B5B4 /* Frameworks */,
				BEAAD2661AB18D2800E0B5B4 /* Resources */,
			);
			buildRules = (
			);
			dependencies = (
			);
			name = keyboardTest;
			productName = keyboardTest;
			productReference = BEAAD2681AB18D2800E0B5B4 /* keyboardTest.app */;
			productType = "com.apple.product-type.application";
		};
		BEAAD2801AB18D2900E0B5B4 /* keyboardTestTests */ = {
			isa = PBXNativeTarget;
			buildConfigurationList = BEAAD28E1AB18D2900E0B5B4 /* Build configuration list for PBXNativeTarget "keyboardTestTests" */;
			buildPhases = (
				BEAAD27D1AB18D2900E0B5B4 /* Sources */,
				BEAAD27E1AB18D2900E0B5B4 /* Frameworks */,
				BEAAD27F1AB18D2900E0B5B4 /* Resources */,
			);
			buildRules = (
			);
			dependencies = (
				BEAAD2831AB18D2900E0B5B4 /* PBXTargetDependency */,
			);
			name = keyboardTestTests;
			productName = keyboardTestTests;
			productReference = BEAAD2811AB18D2900E0B5B4 /* keyboardTestTests.xctest */;
			productType = "com.apple.product-type.bundle.unit-test";
		};
/* End PBXNativeTarget section */

/* Begin PBXProject section */
		BEAAD2601AB18D2800E0B5B4 /* Project object */ = {
			isa = PBXProject;
			attributes = {
				LastUpgradeCheck = 0610;
				ORGANIZATIONNAME = will;
				TargetAttributes = {
					BEAAD2671AB18D2800E0B5B4 = {
						CreatedOnToolsVersion = 6.1.1;
					};
					BEAAD2801AB18D2900E0B5B4 = {
						CreatedOnToolsVersion = 6.1.1;
						TestTargetID = BEAAD2671AB18D2800E0B5B4;
					};
				};
			};
			buildConfigurationList = BEAAD2631AB18D2800E0B5B4 /* Build configuration list for PBXProject "keyboardTest" */;
			compatibilityVersion = "Xcode 3.2";
			developmentRegion = English;
			hasScannedForEncodings = 0;
			knownRegions = (
				en,
				Base,
			);
			mainGroup = BEAAD25F1AB18D2800E0B5B4;
			productRefGroup = BEAAD2691AB18D2800E0B5B4 /* Products */;
			projectDirPath = "";
			projectRoot = "";
			targets = (
				BEAAD2671AB18D2800E0B5B4 /* keyboardTest */,
				BEAAD2801AB18D2900E0B5B4 /* keyboardTestTests */,
			);
		};
/* End PBXProject section */

/* Begin PBXResourcesBuildPhase section */
		BEAAD2661AB18D2800E0B5B4 /* Resources */ = {
			isa = PBXResourcesBuildPhase;
			buildActionMask = 2147483647;
			files = (
				BEAAD2771AB18D2900E0B5B4 /* Main.storyboard in Resources */,
				BEAAD27C1AB18D2900E0B5B4 /* LaunchScreen.xib in Resources */,
				BEAAD2791AB18D2900E0B5B4 /* Images.xcassets in Resources */,
			);
			runOnlyForDeploymentPostprocessing = 0;
		};
		BEAAD27F1AB18D2900E0B5B4 /* Resources */ = {
			isa = PBXResourcesBuildPhase;
			buildActionMask = 2147483647;
			files = (
			);
			runOnlyForDeploymentPostprocessing = 0;
		};
/* End PBXResourcesBuildPhase section */

/* Begin PBXSourcesBuildPhase section */
		BEAAD2641AB18D2800E0B5B4 /* Sources */ = {
			isa = PBXSourcesBuildPhase;
			buildActionMask = 2147483647;
			files = (
				BEAAD2741AB18D2900E0B5B4 /* ViewController.m in Sources */,
				BEAAD2711AB18D2900E0B5B4 /* AppDelegate.m in Sources */,
				BEAAD26E1AB18D2800E0B5B4 /* main.m in Sources */,
			);
			runOnlyForDeploymentPostprocessing = 0;
		};
		BEAAD27D1AB18D2900E0B5B4 /* Sources */ = {
			isa = PBXSourcesBuildPhase;
			buildActionMask = 2147483647;
			files = (
				BEAAD2881AB18D2900E0B5B4 /* keyboardTestTests.m in Sources */,
			);
			runOnlyForDeploymentPostprocessing = 0;
		};
/* End PBXSourcesBuildPhase section */

/* Begin PBXTargetDependency section */
		BEAAD2831AB18D2900E0B5B4 /* PBXTargetDependency */ = {
			isa = PBXTargetDependency;
			target = BEAAD2671AB18D2800E0B5B4 /* keyboardTest */;
			targetProxy = BEAAD2821AB18D2900E0B5B4 /* PBXContainerItemProxy */;
		};
/* End PBXTargetDependency section */

/* Begin PBXVariantGroup section */
		BEAAD2751AB18D2900E0B5B4 /* Main.storyboard */ = {
			isa = PBXVariantGroup;
			children = (
				BEAAD2761AB18D2900E0B5B4 /* Base */,
			);
			name = Main.storyboard;
			sourceTree = "<group>";
		};
		BEAAD27A1AB18D2900E0B5B4 /* LaunchScreen.xib */ = {
			isa = PBXVariantGroup;
			children = (
				BEAAD27B1AB18D2900E0B5B4 /* Base */,
			);
			name = LaunchScreen.xib;
			sourceTree = "<group>";
		};
/* End PBXVariantGroup section */

/* Begin XCBuildConfiguration section */
		BEAAD2891AB18D2900E0B5B4 /* Debug */ = {
			isa = XCBuildConfiguration;
			buildSettings = {
				ALWAYS_SEARCH_USER_PATHS = NO;
				CLANG_CXX_LANGUAGE_STANDARD = "gnu++0x";
				CLANG_CXX_LIBRARY = "libc++";
				CLANG_ENABLE_MODULES = YES;
				CLANG_ENABLE_OBJC_ARC = YES;
				CLANG_WARN_BOOL_CONVERSION = YES;
				CLANG_WARN_CONSTANT_CONVERSION = YES;
				CLANG_WARN_DIRECT_OBJC_ISA_USAGE = YES_ERROR;
				CLANG_WARN_EMPTY_BODY = YES;
				CLANG_WARN_ENUM_CONVERSION = YES;
				CLANG_WARN_INT_CONVERSION = YES;
				CLANG_WARN_OBJC_ROOT_CLASS = YES_ERROR;
				CLANG_WARN_UNREACHABLE_CODE = YES;
				CLANG_WARN__DUPLICATE_METHOD_MATCH = YES;
				"CODE_SIGN_IDENTITY[sdk=iphoneos*]" = "iPhone Developer";
				COPY_PHASE_STRIP = NO;
				ENABLE_STRICT_OBJC_MSGSEND = YES;
				GCC_C_LANGUAGE_STANDARD = gnu99;
				GCC_DYNAMIC_NO_PIC = NO;
				GCC_OPTIMIZATION_LEVEL = 0;
				GCC_PREPROCESSOR_DEFINITIONS = (
					"DEBUG=1",
					"$(inherited)",
				);
				GCC_SYMBOLS_PRIVATE_EXTERN = NO;
				GCC_WARN_64_TO_32_BIT_CONVERSION = YES;
				GCC_WARN_ABOUT_RETURN_TYPE = YES_ERROR;
				GCC_WARN_UNDECLARED_SELECTOR = YES;
				GCC_WARN_UNINITIALIZED_AUTOS = YES_AGGRESSIVE;
				GCC_WARN_UNUSED_FUNCTION = YES;
				GCC_WARN_UNUSED_VARIABLE = YES;
				IPHONEOS_DEPLOYMENT_TARGET = 8.1;
				MTL_ENABLE_DEBUG_INFO = YES;
				ONLY_ACTIVE_ARCH = YES;
				SDKROOT = iphoneos;
			};
			name = Debug;
		};
		BEAAD28A1AB18D2900E0B5B4 /* Release */ = {
			isa = XCBuildConfiguration;
			buildSettings = {
				ALWAYS_SEARCH_USER_PATHS = NO;
				CLANG_CXX_LANGUAGE_STANDARD = "gnu++0x";
				CLANG_CXX_LIBRARY = "libc++";
				CLANG_ENABLE_MODULES = YES;
				CLANG_ENABLE_OBJC_ARC = YES;
				CLANG_WARN_BOOL_CONVERSION = YES;
				CLANG_WARN_CONSTANT_CONVERSION = YES;
				CLANG_WARN_DIRECT_OBJC_ISA_USAGE = YES_ERROR;
				CLANG_WARN_EMPTY_BODY = YES;
				CLANG_WARN_ENUM_CONVERSION = YES;
				CLANG_WARN_INT_CONVERSION = YES;
				CLANG_WARN_OBJC_ROOT_CLASS = YES_ERROR;
				CLANG_WARN_UNREACHABLE_CODE = YES;
				CLANG_WARN__DUPLICATE_METHOD_MATCH = YES;
				"CODE_SIGN_IDENTITY[sdk=iphoneos*]" = "iPhone Developer";
				COPY_PHASE_STRIP = YES;
				ENABLE_NS_ASSERTIONS = NO;
				ENABLE_STRICT_OBJC_MSGSEND = YES;
				GCC_C_LANGUAGE_STANDARD = gnu99;
				GCC_WARN_64_TO_32_BIT_CONVERSION = YES;
				GCC_WARN_ABOUT_RETURN_TYPE = YES_ERROR;
				GCC_WARN_UNDECLARED_SELECTOR = YES;
				GCC_WARN_UNINITIALIZED_AUTOS = YES_AGGRESSIVE;
				GCC_WARN_UNUSED_FUNCTION = YES;
				GCC_WARN_UNUSED_VARIABLE = YES;
				IPHONEOS_DEPLOYMENT_TARGET = 8.1;
				MTL_ENABLE_DEBUG_INFO = NO;
				SDKROOT = iphoneos;
				VALIDATE_PRODUCT = YES;
			};
			name = Release;
		};
		BEAAD28C1AB18D2900E0B5B4 /* Debug */ = {
			isa = XCBuildConfiguration;
			buildSettings = {
				ASSETCATALOG_COMPILER_APPICON_NAME = AppIcon;
				INFOPLIST_FILE = keyboardTest/Info.plist;
				LD_RUNPATH_SEARCH_PATHS = "$(inherited) @executable_path/Frameworks";
				PRODUCT_NAME = "$(TARGET_NAME)";
			};
			name = Debug;
		};
		BEAAD28D1AB18D2900E0B5B4 /* Release */ = {
			isa = XCBuildConfiguration;
			buildSettings = {
				ASSETCATALOG_COMPILER_APPICON_NAME = AppIcon;
				INFOPLIST_FILE = keyboardTest/Info.plist;
				LD_RUNPATH_SEARCH_PATHS = "$(inherited) @executable_path/Frameworks";
				PRODUCT_NAME = "$(TARGET_NAME)";
			};
			name = Release;
		};
		BEAAD28F1AB18D2900E0B5B4 /* Debug */ = {
			isa = XCBuildConfiguration;
			buildSettings = {
				BUNDLE_LOADER = "$(TEST_HOST)";
				FRAMEWORK_SEARCH_PATHS = (
					"$(SDKROOT)/Developer/Library/Frameworks",
					"$(inherited)",
				);
				GCC_PREPROCESSOR_DEFINITIONS = (
					"DEBUG=1",
					"$(inherited)",
				);
				INFOPLIST_FILE = keyboardTestTests/Info.plist;
				LD_RUNPATH_SEARCH_PATHS = "$(inherited) @executable_path/Frameworks @loader_path/Frameworks";
				PRODUCT_NAME = "$(TARGET_NAME)";
				TEST_HOST = "$(BUILT_PRODUCTS_DIR)/keyboardTest.app/keyboardTest";
			};
			name = Debug;
		};
		BEAAD2901AB18D2900E0B5B4 /* Release */ = {
			isa = XCBuildConfiguration;
			buildSettings = {
				BUNDLE_LOADER = "$(TEST_HOST)";
				FRAMEWORK_SEARCH_PATHS = (
					"$(SDKROOT)/Developer/Library/Frameworks",
					"$(inherited)",
				);
				INFOPLIST_FILE = keyboardTestTests/Info.plist;
				LD_RUNPATH_SEARCH_PATHS = "$(inherited) @executable_path/Frameworks @loader_path/Frameworks";
				PRODUCT_NAME = "$(TARGET_NAME)";
				TEST_HOST = "$(BUILT_PRODUCTS_DIR)/keyboardTest.app/keyboardTest";
			};
			name = Release;
		};
/* End XCBuildConfiguration section */

/* Begin XCConfigurationList section */
		BEAAD2631AB18D2800E0B5B4 /* Build configuration list for PBXProject "keyboardTest" */ = {
			isa = XCConfigurationList;
			buildConfigurations = (
				BEAAD2891AB18D2900E0B5B4 /* Debug */,
				BEAAD28A1AB18D2900E0B5B4 /* Release */,
			);
			defaultConfigurationIsVisible = 0;
			defaultConfigurationName = Release;
		};
		BEAAD28B1AB18D2900E0B5B4 /* Build configuration list for PBXNativeTarget "keyboardTest" */ = {
			isa = XCConfigurationList;
			buildConfigurations = (
				BEAAD28C1AB18D2900E0B5B4 /* Debug */,
				BEAAD28D1AB18D2900E0B5B4 /* Release */,
			);
			defaultConfigurationIsVisible = 0;
		};
		BEAAD28E1AB18D2900E0B5B4 /* Build configuration list for PBXNativeTarget "keyboardTestTests" */ = {
			isa = XCConfigurationList;
			buildConfigurations = (
				BEAAD28F1AB18D2900E0B5B4 /* Debug */,
				BEAAD2901AB18D2900E0B5B4 /* Release */,
			);
			defaultConfigurationIsVisible = 0;
		};
/* End XCConfigurationList section */
	};
	rootObject = BEAAD2601AB18D2800E0B5B4 /* Project object */;
}
